
Microsoft Visual Studio Solution File, Format Version 12.00
# Visual Studio 15
VisualStudioVersion = 15.0.28307.329
MinimumVisualStudioVersion = 10.0.40219.1
Project("{FAE04EC0-301F-11D3-BF4B-00C04F79EFBC}") = "Subscription", "Subscription\Subscription.csproj", "{902F1147-4FD0-47A3-B8D9-39F94C5B9528}"
EndProject
Project("{FAE04EC0-301F-11D3-BF4B-00C04F79EFBC}") = "ZeroMQDemo", "ZeroMQDemo\ZeroMQDemo.csproj", "{4133775E-43D2-4168-8287-5A05729AF8AF}"
EndProject
Project("{FAE04EC0-301F-11D3-BF4B-00C04F79EFBC}") = "ZMQ_PUB", "ZMQ_PUB\ZMQ_PUB.csproj", "{59E12E5C-8B30-4B3E-96AC-3EA8253207F1}"
EndProject
Project("{FAE04EC0-301F-11D3-BF4B-00C04F79EFBC}") = "ZMQ_PUB2", "ZMQ_PUB2\ZMQ_PUB2.csproj", "{DED10206-9E0D-43BF-B27D-2ECF06AB050A}"
EndProject
Project("{FAE04EC0-301F-11D3-BF4B-00C04F79EFBC}") = "ZMQ_PUB3", "ZMQ_PUB3\ZMQ_PUB3.csproj", "{9F9DBA39-3F1B-421D-A84C-0A286373B16E}"
EndProject
Project("{FAE04EC0-301F-11D3-BF4B-00C04F79EFBC}") = "ZMQ_PUB4", "ZMQ_PUB4\ZMQ_PUB4.csproj", "{1414F59C-A73C-4CC2-9769-8505424552F3}"
EndProject
Project("{FAE04EC0-301F-11D3-BF4B-00C04F79EFBC}") = "ZMQ_REP", "ZMQ_REP\ZMQ_REP.csproj", "{4836E23F-D365-4A5A-8138-105C50157BE6}"
EndProject
Project("{FAE04EC0-301F-11D3-BF4B-00C04F79EFBC}") = "ZMQ_REQ", "ZMQ_REQ\ZMQ_REQ.csproj", "{6097009D-E6BA-421C-A5EF-B3BCEE53E53A}"
EndProject
Project("{FAE04EC0-301F-11D3-BF4B-00C04F79EFBC}") = "ZMQ_SUB", "ZMQ_SUB\ZMQ_SUB.csproj", "{345FAA45-61D9-4BC3-AEFD-5E82D67EBD07}"
EndProject
Project("{FAE04EC0-301F-11D3-BF4B-00C04F79EFBC}") = "ZMQ_SUB2", "ZMQ_SUB2\ZMQ_SUB2.csproj", "{68D72F52-AE6B-420A-99BD-FD9235193E53}"
EndProject
Project("{FAE04EC0-301F-11D3-BF4B-00C04F79EFBC}") = "ZMQ_SUB3", "ZMQ_SUB3\ZMQ_SUB3.csproj", "{1C40D990-F2A0-4575-8C1B-04DD5344219C}"
EndProject
Project("{FAE04EC0-301F-11D3-BF4B-00C04F79EFBC}") = "ZMQ_SUB4", "ZMQ_SUB4\ZMQ_SUB4.csproj", "{602C9853-5598-46C6-9FBA-8A008B0BAD2A}"
EndProject
Global
	GlobalSection(SolutionConfigurationPlatforms) = preSolution
		Debug|Any CPU = Debug|Any CPU
		Release|Any CPU = Release|Any CPU
	EndGlobalSection
	GlobalSection(ProjectConfigurationPlatforms) = postSolution
		{902F1147-4FD0-47A3-B8D9-39F94C5B9528}.Debug|Any CPU.ActiveCfg = Debug|Any CPU
		{902F1147-4FD0-47A3-B8D9-39F94C5B9528}.Debug|Any CPU.Build.0 = Debug|Any CPU
		{902F1147-4FD0-47A3-B8D9-39F94C5B9528}.Release|Any CPU.ActiveCfg = Release|Any CPU
		{902F1147-4FD0-47A3-B8D9-39F94C5B9528}.Release|Any CPU.Build.0 = Release|Any CPU
		{4133775E-43D2-4168-8287-5A05729AF8AF}.Debug|Any CPU.ActiveCfg = Debug|Any CPU
		{4133775E-43D2-4168-8287-5A05729AF8AF}.Debug|Any CPU.Build.0 = Debug|Any CPU
		{4133775E-43D2-4168-8287-5A05729AF8AF}.Release|Any CPU.ActiveCfg = Release|Any CPU
		{4133775E-43D2-4168-8287-5A05729AF8AF}.Release|Any CPU.Build.0 = Release|Any CPU
		{59E12E5C-8B30-4B3E-96AC-3EA8253207F1}.Debug|Any CPU.ActiveCfg = Debug|Any CPU
		{59E12E5C-8B30-4B3E-96AC-3EA8253207F1}.Debug|Any CPU.Build.0 = Debug|Any CPU
		{59E12E5C-8B30-4B3E-96AC-3EA8253207F1}.Release|Any CPU.ActiveCfg = Release|Any CPU
		{59E12E5C-8B30-4B3E-96AC-3EA8253207F1}.Release|Any CPU.Build.0 = Release|Any CPU
		{DED10206-9E0D-43BF-B27D-2ECF06AB050A}.Debug|Any CPU.ActiveCfg = Debug|Any CPU
		{DED10206-9E0D-43BF-B27D-2ECF06AB050A}.Debug|Any CPU.Build.0 = Debug|Any CPU
		{DED10206-9E0D-43BF-B27D-2ECF06AB050A}.Release|Any CPU.ActiveCfg = Release|Any CPU
		{DED10206-9E0D-43BF-B27D-2ECF06AB050A}.Release|Any CPU.Build.0 = Release|Any CPU
		{9F9DBA39-3F1B-421D-A84C-0A286373B16E}.Debug|Any CPU.ActiveCfg = Debug|Any CPU
		{9F9DBA39-3F1B-421D-A84C-0A286373B16E}.Debug|Any CPU.Build.0 = Debug|Any CPU
		{9F9DBA39-3F1B-421D-A84C-0A286373B16E}.Release|Any CPU.ActiveCfg = Release|Any CPU
		{9F9DBA39-3F1B-421D-A84C-0A286373B16E}.Release|Any CPU.Build.0 = Release|Any CPU
		{1414F59C-A73C-4CC2-9769-8505424552F3}.Debug|Any CPU.ActiveCfg = Debug|Any CPU
		{1414F59C-A73C-4CC2-9769-8505424552F3}.Debug|Any CPU.Build.0 = Debug|Any CPU
		{1414F59C-A73C-4CC2-9769-8505424552F3}.Release|Any CPU.ActiveCfg = Release|Any CPU
		{1414F59C-A73C-4CC2-9769-8505424552F3}.Release|Any CPU.Build.0 = Release|Any CPU
		{4836E23F-D365-4A5A-8138-105C50157BE6}.Debug|Any CPU.ActiveCfg = Debug|Any CPU
		{4836E23F-D365-4A5A-8138-105C50157BE6}.Debug|Any CPU.Build.0 = Debug|Any CPU
		{4836E23F-D365-4A5A-8138-105C50157BE6}.Release|Any CPU.ActiveCfg = Release|Any CPU
		{4836E23F-D365-4A5A-8138-105C50157BE6}.Release|Any CPU.Build.0 = Release|Any CPU
		{6097009D-E6BA-421C-A5EF-B3BCEE53E53A}.Debug|Any CPU.ActiveCfg = Debug|Any CPU
		{6097009D-E6BA-421C-A5EF-B3BCEE53E53A}.Debug|Any CPU.Build.0 = Debug|Any CPU
		{6097009D-E6BA-421C-A5EF-B3BCEE53E53A}.Release|Any CPU.ActiveCfg = Release|Any CPU
		{6097009D-E6BA-421C-A5EF-B3BCEE53E53A}.Release|Any CPU.Build.0 = Release|Any CPU
		{345FAA45-61D9-4BC3-AEFD-5E82D67EBD07}.Debug|Any CPU.ActiveCfg = Debug|Any CPU
		{345FAA45-61D9-4BC3-AEFD-5E82D67EBD07}.Debug|Any CPU.Build.0 = Debug|Any CPU
		{345FAA45-61D9-4BC3-AEFD-5E82D67EBD07}.Release|Any CPU.ActiveCfg = Release|Any CPU
		{345FAA45-61D9-4BC3-AEFD-5E82D67EBD07}.Release|Any CPU.Build.0 = Release|Any CPU
		{68D72F52-AE6B-420A-99BD-FD9235193E53}.Debug|Any CPU.ActiveCfg = Debug|Any CPU
		{68D72F52-AE6B-420A-99BD-FD9235193E53}.Debug|Any CPU.Build.0 = Debug|Any CPU
		{68D72F52-AE6B-420A-99BD-FD9235193E53}.Release|Any CPU.ActiveCfg = Release|Any CPU
		{68D72F52-AE6B-420A-99BD-FD9235193E53}.Release|Any CPU.Build.0 = Release|Any CPU
		{1C40D990-F2A0-4575-8C1B-04DD5344219C}.Debug|Any CPU.ActiveCfg = Debug|Any CPU
		{1C40D990-F2A0-4575-8C1B-04DD5344219C}.Debug|Any CPU.Build.0 = Debug|Any CPU
		{1C40D990-F2A0-4575-8C1B-04DD5344219C}.Release|Any CPU.ActiveCfg = Release|Any CPU
		{1C40D990-F2A0-4575-8C1B-04DD5344219C}.Release|Any CPU.Build.0 = Release|Any CPU
		{602C9853-5598-46C6-9FBA-8A008B0BAD2A}.Debug|Any CPU.ActiveCfg = Debug|Any CPU
		{602C9853-5598-46C6-9FBA-8A008B0BAD2A}.Debug|Any CPU.Build.0 = Debug|Any CPU
		{602C9853-5598-46C6-9FBA-8A008B0BAD2A}.Release|Any CPU.ActiveCfg = Release|Any CPU
		{602C9853-5598-46C6-9FBA-8A008B0BAD2A}.Release|Any CPU.Build.0 = Release|Any CPU
	EndGlobalSection
	GlobalSection(SolutionProperties) = preSolution
		HideSolutionNode = FALSE
	EndGlobalSection
	GlobalSection(ExtensibilityGlobals) = postSolution
		SolutionGuid = {DC300084-F34C-4964-885D-2DC314A23D6B}
	EndGlobalSection
EndGlobal
